Microsoft Visual Studio Solution File, Format Version 12.00
# Visual Studio Version 17
VisualStudioVersion = 17.1.32421.90
MinimumVisualStudioVersion = 10.0.40219.1
Project("{9A19103F-16F7-4668-BE54-9A1E7A4F7556}") = "LinqLibrary", "LinqLibrary\LinqLibrary.csproj", "{5926D5D0-1B64-4571-B8AB-60B506693D46}"
EndProject
Project("{9A19103F-16F7-4668-BE54-9A1E7A4F7556}") = "WinFormLibrary", "WinFormsLibrary\WinFormLibrary.csproj", "{E3E89339-341B-4AA1-86B9-76D4FD065A8A}"
EndProject
Project("{9A19103F-16F7-4668-BE54-9A1E7A4F7556}") = "ReflectionLibrary", "ReflectionLibrary\ReflectionLibrary.csproj", "{C2DFB869-5C52-42CF-84FD-5B1E9AF38BC8}"
EndProject
Project("{9A19103F-16F7-4668-BE54-9A1E7A4F7556}") = "EFCore2.2Library", "EFCore2.2Library\EFCore2.2Library.csproj", "{6082B1F5-6DA7-4B4F-8E80-77AB0366B00E}"
EndProject
Project("{9A19103F-16F7-4668-BE54-9A1E7A4F7556}") = "EFCoreLibrary", "EFCoreLibrary\EFCoreLibrary.csproj", "{3E523D18-C7C0-4D0E-82A8-80D27DCB1FEF}"
EndProject
Project("{9A19103F-16F7-4668-BE54-9A1E7A4F7556}") = "DevLibrary", "DevLibrary\DevLibrary.csproj", "{55781DC9-7CB0-4199-A612-5F8AE52AC583}"
EndProject
Project("{FAE04EC0-301F-11D3-BF4B-00C04F79EFBC}") = "ManualIncludableQueryable", "ManualIncludableQueryable\ManualIncludableQueryable.csproj", "{A0C24E65-C54B-433E-8444-C5EEC32C311C}"
EndProject
Project("{FAE04EC0-301F-11D3-BF4B-00C04F79EFBC}") = "ManualIncludableQueryable.UnitTest", "ManualIncludableQueryable.UnitTest\ManualIncludableQueryable.UnitTest.csproj", "{4E827DB7-1E3D-4F7D-9058-A6691D33A7D3}"
EndProject
Global
	GlobalSection(SolutionConfigurationPlatforms) = preSolution
		Debug|Any CPU = Debug|Any CPU
		Release|Any CPU = Release|Any CPU
	EndGlobalSection
	GlobalSection(ProjectConfigurationPlatforms) = postSolution
		{5926D5D0-1B64-4571-B8AB-60B506693D46}.Debug|Any CPU.ActiveCfg = Debug|Any CPU
		{5926D5D0-1B64-4571-B8AB-60B506693D46}.Debug|Any CPU.Build.0 = Debug|Any CPU
		{5926D5D0-1B64-4571-B8AB-60B506693D46}.Release|Any CPU.ActiveCfg = Release|Any CPU
		{5926D5D0-1B64-4571-B8AB-60B506693D46}.Release|Any CPU.Build.0 = Release|Any CPU
		{E3E89339-341B-4AA1-86B9-76D4FD065A8A}.Debug|Any CPU.ActiveCfg = Debug|Any CPU
		{E3E89339-341B-4AA1-86B9-76D4FD065A8A}.Debug|Any CPU.Build.0 = Debug|Any CPU
		{E3E89339-341B-4AA1-86B9-76D4FD065A8A}.Release|Any CPU.ActiveCfg = Release|Any CPU
		{E3E89339-341B-4AA1-86B9-76D4FD065A8A}.Release|Any CPU.Build.0 = Release|Any CPU
		{C2DFB869-5C52-42CF-84FD-5B1E9AF38BC8}.Debug|Any CPU.ActiveCfg = Debug|Any CPU
		{C2DFB869-5C52-42CF-84FD-5B1E9AF38BC8}.Debug|Any CPU.Build.0 = Debug|Any CPU
		{C2DFB869-5C52-42CF-84FD-5B1E9AF38BC8}.Release|Any CPU.ActiveCfg = Release|Any CPU
		{C2DFB869-5C52-42CF-84FD-5B1E9AF38BC8}.Release|Any CPU.Build.0 = Release|Any CPU
		{6082B1F5-6DA7-4B4F-8E80-77AB0366B00E}.Debug|Any CPU.ActiveCfg = Debug|Any CPU
		{6082B1F5-6DA7-4B4F-8E80-77AB0366B00E}.Debug|Any CPU.Build.0 = Debug|Any CPU
		{6082B1F5-6DA7-4B4F-8E80-77AB0366B00E}.Release|Any CPU.ActiveCfg = Release|Any CPU
		{6082B1F5-6DA7-4B4F-8E80-77AB0366B00E}.Release|Any CPU.Build.0 = Release|Any CPU
		{3E523D18-C7C0-4D0E-82A8-80D27DCB1FEF}.Debug|Any CPU.ActiveCfg = Debug|Any CPU
		{3E523D18-C7C0-4D0E-82A8-80D27DCB1FEF}.Debug|Any CPU.Build.0 = Debug|Any CPU
		{3E523D18-C7C0-4D0E-82A8-80D27DCB1FEF}.Release|Any CPU.ActiveCfg = Release|Any CPU
		{3E523D18-C7C0-4D0E-82A8-80D27DCB1FEF}.Release|Any CPU.Build.0 = Release|Any CPU
		{55781DC9-7CB0-4199-A612-5F8AE52AC583}.Debug|Any CPU.ActiveCfg = Debug|Any CPU
		{55781DC9-7CB0-4199-A612-5F8AE52AC583}.Debug|Any CPU.Build.0 = Debug|Any CPU
		{55781DC9-7CB0-4199-A612-5F8AE52AC583}.Release|Any CPU.ActiveCfg = Release|Any CPU
		{55781DC9-7CB0-4199-A612-5F8AE52AC583}.Release|Any CPU.Build.0 = Release|Any CPU
		{A0C24E65-C54B-433E-8444-C5EEC32C311C}.Debug|Any CPU.ActiveCfg = Debug|Any CPU
		{A0C24E65-C54B-433E-8444-C5EEC32C311C}.Debug|Any CPU.Build.0 = Debug|Any CPU
		{A0C24E65-C54B-433E-8444-C5EEC32C311C}.Release|Any CPU.ActiveCfg = Release|Any CPU
		{A0C24E65-C54B-433E-8444-C5EEC32C311C}.Release|Any CPU.Build.0 = Release|Any CPU
		{4E827DB7-1E3D-4F7D-9058-A6691D33A7D3}.Debug|Any CPU.ActiveCfg = Debug|Any CPU
		{4E827DB7-1E3D-4F7D-9058-A6691D33A7D3}.Debug|Any CPU.Build.0 = Debug|Any CPU
		{4E827DB7-1E3D-4F7D-9058-A6691D33A7D3}.Release|Any CPU.ActiveCfg = Release|Any CPU
		{4E827DB7-1E3D-4F7D-9058-A6691D33A7D3}.Release|Any CPU.Build.0 = Release|Any CPU
	EndGlobalSection
	GlobalSection(SolutionProperties) = preSolution
		HideSolutionNode = FALSE
	EndGlobalSection
	GlobalSection(ExtensibilityGlobals) = postSolution
		SolutionGuid = {B80361AC-A6A6-4ED5-AF14-97463F3E9B66}
	EndGlobalSection
EndGlobal
